
Microsoft Visual Studio Solution File, Format Version 12.00
# Visual Studio Version 17
VisualStudioVersion = 17.7.34202.233
MinimumVisualStudioVersion = 10.0.40219.1
Project("{FAE04EC0-301F-11D3-BF4B-00C04F79EFBC}") = "RestWithASP-NET", "RestWithASP-NET\RestWithASP-NET.csproj", "{0187B0CB-7514-4C0E-AEED-E1CA63B7F432}"
EndProject
Global
	GlobalSection(SolutionConfigurationPlatforms) = preSolution
		Debug|Any CPU = Debug|Any CPU
		Release|Any CPU = Release|Any CPU
	EndGlobalSection
	GlobalSection(ProjectConfigurationPlatforms) = postSolution
		{0187B0CB-7514-4C0E-AEED-E1CA63B7F432}.Debug|Any CPU.ActiveCfg = Debug|Any CPU
		{0187B0CB-7514-4C0E-AEED-E1CA63B7F432}.Debug|Any CPU.Build.0 = Debug|Any CPU
		{0187B0CB-7514-4C0E-AEED-E1CA63B7F432}.Release|Any CPU.ActiveCfg = Release|Any CPU
		{0187B0CB-7514-4C0E-AEED-E1CA63B7F432}.Release|Any CPU.Build.0 = Release|Any CPU
	EndGlobalSection
	GlobalSection(SolutionProperties) = preSolution
		HideSolutionNode = FALSE
	EndGlobalSection
	GlobalSection(ExtensibilityGlobals) = postSolution
		SolutionGuid = {700C0F18-F93F-4D06-8D31-9A45E878D953}
	EndGlobalSection
EndGlobal
